[[package]]
name = "attrs"
sections = ["default"]
version = "20.3.0"
summary = "Classes Without Boilerplate"

[[package]]
name = "aws-cdk.assets"
sections = ["default"]
version = "1.105.0"
summary = "This module is deprecated. All types are now available under the core module"
dependencies = [
    "aws-cdk.core==1.105.0",
    "aws-cdk.cx-api==1.105.0",
    "constructs<4.0.0,>=3.3.69",
    "jsii<2.0.0,>=1.29.0",
    "publication>=0.0.3",
]

[[package]]
name = "aws-cdk.aws-apigateway"
sections = ["default"]
version = "1.105.0"
summary = "The CDK Construct Library for AWS::ApiGateway"
dependencies = [
    "aws-cdk.aws-certificatemanager==1.105.0",
    "aws-cdk.aws-cloudwatch==1.105.0",
    "aws-cdk.aws-cognito==1.105.0",
    "aws-cdk.aws-ec2==1.105.0",
    "aws-cdk.aws-elasticloadbalancingv2==1.105.0",
    "aws-cdk.aws-iam==1.105.0",
    "aws-cdk.aws-lambda==1.105.0",
    "aws-cdk.aws-logs==1.105.0",
    "aws-cdk.aws-s3-assets==1.105.0",
    "aws-cdk.aws-s3==1.105.0",
    "aws-cdk.core==1.105.0",
    "aws-cdk.cx-api==1.105.0",
    "constructs<4.0.0,>=3.3.69",
    "jsii<2.0.0,>=1.29.0",
    "publication>=0.0.3",
]

[[package]]
name = "aws-cdk.aws-applicationautoscaling"
sections = ["default"]
version = "1.105.0"
summary = "The CDK Construct Library for AWS::ApplicationAutoScaling"
dependencies = [
    "aws-cdk.aws-autoscaling-common==1.105.0",
    "aws-cdk.aws-cloudwatch==1.105.0",
    "aws-cdk.aws-iam==1.105.0",
    "aws-cdk.core==1.105.0",
    "constructs<4.0.0,>=3.3.69",
    "jsii<2.0.0,>=1.29.0",
    "publication>=0.0.3",
]

[[package]]
name = "aws-cdk.aws-autoscaling"
sections = ["default"]
version = "1.105.0"
summary = "The CDK Construct Library for AWS::AutoScaling"
dependencies = [
    "aws-cdk.aws-autoscaling-common==1.105.0",
    "aws-cdk.aws-cloudwatch==1.105.0",
    "aws-cdk.aws-ec2==1.105.0",
    "aws-cdk.aws-elasticloadbalancing==1.105.0",
    "aws-cdk.aws-elasticloadbalancingv2==1.105.0",
    "aws-cdk.aws-iam==1.105.0",
    "aws-cdk.aws-sns==1.105.0",
    "aws-cdk.core==1.105.0",
    "constructs<4.0.0,>=3.3.69",
    "jsii<2.0.0,>=1.29.0",
    "publication>=0.0.3",
]

[[package]]
name = "aws-cdk.aws-autoscaling-common"
sections = ["default"]
version = "1.105.0"
summary = "Common implementation package for @aws-cdk/aws-autoscaling and @aws-cdk/aws-applicationautoscaling"
dependencies = [
    "aws-cdk.aws-iam==1.105.0",
    "aws-cdk.core==1.105.0",
    "constructs<4.0.0,>=3.3.69",
    "jsii<2.0.0,>=1.29.0",
    "publication>=0.0.3",
]

[[package]]
name = "aws-cdk.aws-autoscaling-hooktargets"
sections = ["default"]
version = "1.105.0"
summary = "Lifecycle hook for AWS AutoScaling"
dependencies = [
    "aws-cdk.aws-autoscaling==1.105.0",
    "aws-cdk.aws-iam==1.105.0",
    "aws-cdk.aws-kms==1.105.0",
    "aws-cdk.aws-lambda==1.105.0",
    "aws-cdk.aws-sns-subscriptions==1.105.0",
    "aws-cdk.aws-sns==1.105.0",
    "aws-cdk.aws-sqs==1.105.0",
    "aws-cdk.core==1.105.0",
    "constructs<4.0.0,>=3.3.69",
    "jsii<2.0.0,>=1.29.0",
    "publication>=0.0.3",
]

[[package]]
name = "aws-cdk.aws-certificatemanager"
sections = ["default"]
version = "1.105.0"
summary = "The CDK Construct Library for AWS::CertificateManager"
dependencies = [
    "aws-cdk.aws-iam==1.105.0",
    "aws-cdk.aws-lambda==1.105.0",
    "aws-cdk.aws-route53==1.105.0",
    "aws-cdk.core==1.105.0",
    "constructs<4.0.0,>=3.3.69",
    "jsii<2.0.0,>=1.29.0",
    "publication>=0.0.3",
]

[[package]]
name = "aws-cdk.aws-cloudformation"
sections = ["default"]
version = "1.105.0"
summary = "The CDK Construct Library for AWS::CloudFormation"
dependencies = [
    "aws-cdk.aws-iam==1.105.0",
    "aws-cdk.aws-lambda==1.105.0",
    "aws-cdk.aws-s3==1.105.0",
    "aws-cdk.aws-sns==1.105.0",
    "aws-cdk.core==1.105.0",
    "aws-cdk.cx-api==1.105.0",
    "constructs<4.0.0,>=3.3.69",
    "jsii<2.0.0,>=1.29.0",
    "publication>=0.0.3",
]

[[package]]
name = "aws-cdk.aws-cloudfront"
sections = ["default"]
version = "1.105.0"
summary = "The CDK Construct Library for AWS::CloudFront"
dependencies = [
    "aws-cdk.aws-certificatemanager==1.105.0",
    "aws-cdk.aws-cloudwatch==1.105.0",
    "aws-cdk.aws-ec2==1.105.0",
    "aws-cdk.aws-iam==1.105.0",
    "aws-cdk.aws-kms==1.105.0",
    "aws-cdk.aws-lambda==1.105.0",
    "aws-cdk.aws-s3==1.105.0",
    "aws-cdk.aws-ssm==1.105.0",
    "aws-cdk.core==1.105.0",
    "constructs<4.0.0,>=3.3.69",
    "jsii<2.0.0,>=1.29.0",
    "publication>=0.0.3",
]

[[package]]
name = "aws-cdk.aws-cloudwatch"
sections = ["default"]
version = "1.105.0"
summary = "The CDK Construct Library for AWS::CloudWatch"
dependencies = [
    "aws-cdk.aws-iam==1.105.0",
    "aws-cdk.core==1.105.0",
    "constructs<4.0.0,>=3.3.69",
    "jsii<2.0.0,>=1.29.0",
    "publication>=0.0.3",
]

[[package]]
name = "aws-cdk.aws-codebuild"
sections = ["default"]
version = "1.105.0"
summary = "The CDK Construct Library for AWS::CodeBuild"
dependencies = [
    "aws-cdk.assets==1.105.0",
    "aws-cdk.aws-cloudwatch==1.105.0",
    "aws-cdk.aws-codecommit==1.105.0",
    "aws-cdk.aws-ec2==1.105.0",
    "aws-cdk.aws-ecr-assets==1.105.0",
    "aws-cdk.aws-ecr==1.105.0",
    "aws-cdk.aws-events==1.105.0",
    "aws-cdk.aws-iam==1.105.0",
    "aws-cdk.aws-kms==1.105.0",
    "aws-cdk.aws-logs==1.105.0",
    "aws-cdk.aws-s3-assets==1.105.0",
    "aws-cdk.aws-s3==1.105.0",
    "aws-cdk.aws-secretsmanager==1.105.0",
    "aws-cdk.core==1.105.0",
    "aws-cdk.region-info==1.105.0",
    "constructs<4.0.0,>=3.3.69",
    "jsii<2.0.0,>=1.29.0",
    "publication>=0.0.3",
]

[[package]]
name = "aws-cdk.aws-codecommit"
sections = ["default"]
version = "1.105.0"
summary = "The CDK Construct Library for AWS::CodeCommit"
dependencies = [
    "aws-cdk.aws-events==1.105.0",
    "aws-cdk.aws-iam==1.105.0",
    "aws-cdk.core==1.105.0",
    "constructs<4.0.0,>=3.3.69",
    "jsii<2.0.0,>=1.29.0",
    "publication>=0.0.3",
]

[[package]]
name = "aws-cdk.aws-codeguruprofiler"
sections = ["default"]
version = "1.105.0"
summary = "The CDK Construct Library for AWS::CodeGuruProfiler"
dependencies = [
    "aws-cdk.aws-iam==1.105.0",
    "aws-cdk.core==1.105.0",
    "constructs<4.0.0,>=3.3.69",
    "jsii<2.0.0,>=1.29.0",
    "publication>=0.0.3",
]

[[package]]
name = "aws-cdk.aws-codepipeline"
sections = ["default"]
version = "1.105.0"
summary = "Better interface to AWS Code Pipeline"
dependencies = [
    "aws-cdk.aws-events==1.105.0",
    "aws-cdk.aws-iam==1.105.0",
    "aws-cdk.aws-kms==1.105.0",
    "aws-cdk.aws-s3==1.105.0",
    "aws-cdk.core==1.105.0",
    "constructs<4.0.0,>=3.3.69",
    "jsii<2.0.0,>=1.29.0",
    "publication>=0.0.3",
]

[[package]]
name = "aws-cdk.aws-cognito"
sections = ["default"]
version = "1.105.0"
summary = "The CDK Construct Library for AWS::Cognito"
dependencies = [
    "aws-cdk.aws-certificatemanager==1.105.0",
    "aws-cdk.aws-iam==1.105.0",
    "aws-cdk.aws-lambda==1.105.0",
    "aws-cdk.core==1.105.0",
    "aws-cdk.custom-resources==1.105.0",
    "constructs<4.0.0,>=3.3.69",
    "jsii<2.0.0,>=1.29.0",
    "publication>=0.0.3",
]

[[package]]
name = "aws-cdk.aws-dynamodb"
sections = ["default"]
version = "1.105.0"
summary = "The CDK Construct Library for AWS::DynamoDB"
dependencies = [
    "aws-cdk.aws-applicationautoscaling==1.105.0",
    "aws-cdk.aws-cloudwatch==1.105.0",
    "aws-cdk.aws-iam==1.105.0",
    "aws-cdk.aws-kms==1.105.0",
    "aws-cdk.aws-lambda==1.105.0",
    "aws-cdk.core==1.105.0",
    "aws-cdk.custom-resources==1.105.0",
    "constructs<4.0.0,>=3.3.69",
    "jsii<2.0.0,>=1.29.0",
    "publication>=0.0.3",
]

[[package]]
name = "aws-cdk.aws-ec2"
sections = ["default"]
version = "1.105.0"
summary = "The CDK Construct Library for AWS::EC2"
dependencies = [
    "aws-cdk.aws-cloudwatch==1.105.0",
    "aws-cdk.aws-iam==1.105.0",
    "aws-cdk.aws-kms==1.105.0",
    "aws-cdk.aws-logs==1.105.0",
    "aws-cdk.aws-s3-assets==1.105.0",
    "aws-cdk.aws-s3==1.105.0",
    "aws-cdk.aws-ssm==1.105.0",
    "aws-cdk.cloud-assembly-schema==1.105.0",
    "aws-cdk.core==1.105.0",
    "aws-cdk.cx-api==1.105.0",
    "aws-cdk.region-info==1.105.0",
    "constructs<4.0.0,>=3.3.69",
    "jsii<2.0.0,>=1.29.0",
    "publication>=0.0.3",
]

[[package]]
name = "aws-cdk.aws-ecr"
sections = ["default"]
version = "1.105.0"
summary = "The CDK Construct Library for AWS::ECR"
dependencies = [
    "aws-cdk.aws-events==1.105.0",
    "aws-cdk.aws-iam==1.105.0",
    "aws-cdk.core==1.105.0",
    "constructs<4.0.0,>=3.3.69",
    "jsii<2.0.0,>=1.29.0",
    "publication>=0.0.3",
]

[[package]]
name = "aws-cdk.aws-ecr-assets"
sections = ["default"]
version = "1.105.0"
summary = "Docker image assets deployed to ECR"
dependencies = [
    "aws-cdk.assets==1.105.0",
    "aws-cdk.aws-ecr==1.105.0",
    "aws-cdk.aws-iam==1.105.0",
    "aws-cdk.aws-s3==1.105.0",
    "aws-cdk.core==1.105.0",
    "aws-cdk.cx-api==1.105.0",
    "constructs<4.0.0,>=3.3.69",
    "jsii<2.0.0,>=1.29.0",
    "publication>=0.0.3",
]

[[package]]
name = "aws-cdk.aws-ecs"
sections = ["default"]
version = "1.105.0"
summary = "The CDK Construct Library for AWS::ECS"
dependencies = [
    "aws-cdk.aws-applicationautoscaling==1.105.0",
    "aws-cdk.aws-autoscaling-hooktargets==1.105.0",
    "aws-cdk.aws-autoscaling==1.105.0",
    "aws-cdk.aws-certificatemanager==1.105.0",
    "aws-cdk.aws-cloudwatch==1.105.0",
    "aws-cdk.aws-ec2==1.105.0",
    "aws-cdk.aws-ecr-assets==1.105.0",
    "aws-cdk.aws-ecr==1.105.0",
    "aws-cdk.aws-elasticloadbalancing==1.105.0",
    "aws-cdk.aws-elasticloadbalancingv2==1.105.0",
    "aws-cdk.aws-iam==1.105.0",
    "aws-cdk.aws-kms==1.105.0",
    "aws-cdk.aws-lambda==1.105.0",
    "aws-cdk.aws-logs==1.105.0",
    "aws-cdk.aws-route53-targets==1.105.0",
    "aws-cdk.aws-route53==1.105.0",
    "aws-cdk.aws-s3-assets==1.105.0",
    "aws-cdk.aws-s3==1.105.0",
    "aws-cdk.aws-secretsmanager==1.105.0",
    "aws-cdk.aws-servicediscovery==1.105.0",
    "aws-cdk.aws-sns==1.105.0",
    "aws-cdk.aws-sqs==1.105.0",
    "aws-cdk.aws-ssm==1.105.0",
    "aws-cdk.core==1.105.0",
    "aws-cdk.cx-api==1.105.0",
    "constructs<4.0.0,>=3.3.69",
    "jsii<2.0.0,>=1.29.0",
    "publication>=0.0.3",
]

[[package]]
name = "aws-cdk.aws-efs"
sections = ["default"]
version = "1.105.0"
summary = "The CDK Construct Library for AWS::EFS"
dependencies = [
    "aws-cdk.aws-ec2==1.105.0",
    "aws-cdk.aws-kms==1.105.0",
    "aws-cdk.cloud-assembly-schema==1.105.0",
    "aws-cdk.core==1.105.0",
    "aws-cdk.cx-api==1.105.0",
    "constructs<4.0.0,>=3.3.69",
    "jsii<2.0.0,>=1.29.0",
    "publication>=0.0.3",
]

[[package]]
name = "aws-cdk.aws-eks"
sections = ["default"]
version = "1.105.0"
summary = "The CDK Construct Library for AWS::EKS"
dependencies = [
    "aws-cdk.aws-autoscaling==1.105.0",
    "aws-cdk.aws-ec2==1.105.0",
    "aws-cdk.aws-iam==1.105.0",
    "aws-cdk.aws-kms==1.105.0",
    "aws-cdk.aws-lambda==1.105.0",
    "aws-cdk.aws-ssm==1.105.0",
    "aws-cdk.core==1.105.0",
    "aws-cdk.custom-resources==1.105.0",
    "aws-cdk.lambda-layer-awscli==1.105.0",
    "aws-cdk.lambda-layer-kubectl==1.105.0",
    "constructs<4.0.0,>=3.3.69",
    "jsii<2.0.0,>=1.29.0",
    "publication>=0.0.3",
]

[[package]]
name = "aws-cdk.aws-elasticloadbalancing"
sections = ["default"]
version = "1.105.0"
summary = "The CDK Construct Library for AWS::ElasticLoadBalancing"
dependencies = [
    "aws-cdk.aws-ec2==1.105.0",
    "aws-cdk.core==1.105.0",
    "constructs<4.0.0,>=3.3.69",
    "jsii<2.0.0,>=1.29.0",
    "publication>=0.0.3",
]

[[package]]
name = "aws-cdk.aws-elasticloadbalancingv2"
sections = ["default"]
version = "1.105.0"
summary = "The CDK Construct Library for AWS::ElasticLoadBalancingV2"
dependencies = [
    "aws-cdk.aws-certificatemanager==1.105.0",
    "aws-cdk.aws-cloudwatch==1.105.0",
    "aws-cdk.aws-ec2==1.105.0",
    "aws-cdk.aws-iam==1.105.0",
    "aws-cdk.aws-lambda==1.105.0",
    "aws-cdk.aws-s3==1.105.0",
    "aws-cdk.cloud-assembly-schema==1.105.0",
    "aws-cdk.core==1.105.0",
    "aws-cdk.cx-api==1.105.0",
    "aws-cdk.region-info==1.105.0",
    "constructs<4.0.0,>=3.3.69",
    "jsii<2.0.0,>=1.29.0",
    "publication>=0.0.3",
]

[[package]]
name = "aws-cdk.aws-events"
sections = ["default"]
version = "1.105.0"
summary = "Amazon EventBridge Construct Library"
dependencies = [
    "aws-cdk.aws-iam==1.105.0",
    "aws-cdk.core==1.105.0",
    "constructs<4.0.0,>=3.3.69",
    "jsii<2.0.0,>=1.29.0",
    "publication>=0.0.3",
]

[[package]]
name = "aws-cdk.aws-events-targets"
sections = ["default"]
version = "1.105.0"
summary = "Event targets for Amazon EventBridge"
dependencies = [
    "aws-cdk.aws-apigateway==1.105.0",
    "aws-cdk.aws-codebuild==1.105.0",
    "aws-cdk.aws-codepipeline==1.105.0",
    "aws-cdk.aws-ec2==1.105.0",
    "aws-cdk.aws-ecs==1.105.0",
    "aws-cdk.aws-events==1.105.0",
    "aws-cdk.aws-iam==1.105.0",
    "aws-cdk.aws-kinesis==1.105.0",
    "aws-cdk.aws-kinesisfirehose==1.105.0",
    "aws-cdk.aws-kms==1.105.0",
    "aws-cdk.aws-lambda==1.105.0",
    "aws-cdk.aws-logs==1.105.0",
    "aws-cdk.aws-sns-subscriptions==1.105.0",
    "aws-cdk.aws-sns==1.105.0",
    "aws-cdk.aws-sqs==1.105.0",
    "aws-cdk.aws-stepfunctions==1.105.0",
    "aws-cdk.core==1.105.0",
    "aws-cdk.custom-resources==1.105.0",
    "constructs<4.0.0,>=3.3.69",
    "jsii<2.0.0,>=1.29.0",
    "publication>=0.0.3",
]

[[package]]
name = "aws-cdk.aws-globalaccelerator"
sections = ["default"]
version = "1.105.0"
summary = "The CDK Construct Library for AWS::GlobalAccelerator"
dependencies = [
    "aws-cdk.aws-ec2==1.105.0",
    "aws-cdk.core==1.105.0",
    "aws-cdk.custom-resources==1.105.0",
    "constructs<4.0.0,>=3.3.69",
    "jsii<2.0.0,>=1.29.0",
    "publication>=0.0.3",
]

[[package]]
name = "aws-cdk.aws-iam"
sections = ["default"]
version = "1.105.0"
summary = "CDK routines for easily assigning correct and minimal IAM permissions"
dependencies = [
    "aws-cdk.core==1.105.0",
    "aws-cdk.region-info==1.105.0",
    "constructs<4.0.0,>=3.3.69",
    "jsii<2.0.0,>=1.29.0",
    "publication>=0.0.3",
]

[[package]]
name = "aws-cdk.aws-kinesis"
sections = ["default"]
version = "1.105.0"
summary = "The CDK Construct Library for AWS::Kinesis"
dependencies = [
    "aws-cdk.aws-cloudwatch==1.105.0",
    "aws-cdk.aws-iam==1.105.0",
    "aws-cdk.aws-kms==1.105.0",
    "aws-cdk.aws-logs==1.105.0",
    "aws-cdk.core==1.105.0",
    "constructs<4.0.0,>=3.3.69",
    "jsii<2.0.0,>=1.29.0",
    "publication>=0.0.3",
]

[[package]]
name = "aws-cdk.aws-kinesisfirehose"
sections = ["default"]
version = "1.105.0"
summary = "The CDK Construct Library for AWS::KinesisFirehose"
dependencies = [
    "aws-cdk.core==1.105.0",
    "constructs<4.0.0,>=3.3.69",
    "jsii<2.0.0,>=1.29.0",
    "publication>=0.0.3",
]

[[package]]
name = "aws-cdk.aws-kms"
sections = ["default"]
version = "1.105.0"
summary = "The CDK Construct Library for AWS::KMS"
dependencies = [
    "aws-cdk.aws-iam==1.105.0",
    "aws-cdk.core==1.105.0",
    "aws-cdk.cx-api==1.105.0",
    "constructs<4.0.0,>=3.3.69",
    "jsii<2.0.0,>=1.29.0",
    "publication>=0.0.3",
]

[[package]]
name = "aws-cdk.aws-lambda"
sections = ["default"]
version = "1.105.0"
summary = "The CDK Construct Library for AWS::Lambda"
dependencies = [
    "aws-cdk.aws-applicationautoscaling==1.105.0",
    "aws-cdk.aws-cloudwatch==1.105.0",
    "aws-cdk.aws-codeguruprofiler==1.105.0",
    "aws-cdk.aws-ec2==1.105.0",
    "aws-cdk.aws-ecr-assets==1.105.0",
    "aws-cdk.aws-ecr==1.105.0",
    "aws-cdk.aws-efs==1.105.0",
    "aws-cdk.aws-events==1.105.0",
    "aws-cdk.aws-iam==1.105.0",
    "aws-cdk.aws-kms==1.105.0",
    "aws-cdk.aws-logs==1.105.0",
    "aws-cdk.aws-s3-assets==1.105.0",
    "aws-cdk.aws-s3==1.105.0",
    "aws-cdk.aws-signer==1.105.0",
    "aws-cdk.aws-sqs==1.105.0",
    "aws-cdk.core==1.105.0",
    "aws-cdk.cx-api==1.105.0",
    "constructs<4.0.0,>=3.3.69",
    "jsii<2.0.0,>=1.29.0",
    "publication>=0.0.3",
]

[[package]]
name = "aws-cdk.aws-lambda-python"
sections = ["default"]
version = "1.105.0"
summary = "The CDK Construct Library for AWS Lambda in Python"
dependencies = [
    "aws-cdk.aws-ec2==1.105.0",
    "aws-cdk.aws-lambda==1.105.0",
    "aws-cdk.core==1.105.0",
    "constructs<4.0.0,>=3.3.69",
    "jsii<2.0.0,>=1.29.0",
    "publication>=0.0.3",
]

[[package]]
name = "aws-cdk.aws-logs"
sections = ["default"]
version = "1.105.0"
summary = "The CDK Construct Library for AWS::Logs"
dependencies = [
    "aws-cdk.aws-cloudwatch==1.105.0",
    "aws-cdk.aws-iam==1.105.0",
    "aws-cdk.aws-kms==1.105.0",
    "aws-cdk.aws-s3-assets==1.105.0",
    "aws-cdk.core==1.105.0",
    "constructs<4.0.0,>=3.3.69",
    "jsii<2.0.0,>=1.29.0",
    "publication>=0.0.3",
]

[[package]]
name = "aws-cdk.aws-route53"
sections = ["default"]
version = "1.105.0"
summary = "The CDK Construct Library for AWS::Route53"
dependencies = [
    "aws-cdk.aws-ec2==1.105.0",
    "aws-cdk.aws-iam==1.105.0",
    "aws-cdk.aws-logs==1.105.0",
    "aws-cdk.cloud-assembly-schema==1.105.0",
    "aws-cdk.core==1.105.0",
    "aws-cdk.custom-resources==1.105.0",
    "constructs<4.0.0,>=3.3.69",
    "jsii<2.0.0,>=1.29.0",
    "publication>=0.0.3",
]

[[package]]
name = "aws-cdk.aws-route53-targets"
sections = ["default"]
version = "1.105.0"
summary = "The CDK Construct Library for AWS Route53 Alias Targets"
dependencies = [
    "aws-cdk.aws-apigateway==1.105.0",
    "aws-cdk.aws-cloudfront==1.105.0",
    "aws-cdk.aws-cognito==1.105.0",
    "aws-cdk.aws-ec2==1.105.0",
    "aws-cdk.aws-elasticloadbalancing==1.105.0",
    "aws-cdk.aws-elasticloadbalancingv2==1.105.0",
    "aws-cdk.aws-globalaccelerator==1.105.0",
    "aws-cdk.aws-iam==1.105.0",
    "aws-cdk.aws-route53==1.105.0",
    "aws-cdk.aws-s3==1.105.0",
    "aws-cdk.core==1.105.0",
    "aws-cdk.region-info==1.105.0",
    "constructs<4.0.0,>=3.3.69",
    "jsii<2.0.0,>=1.29.0",
    "publication>=0.0.3",
]

[[package]]
name = "aws-cdk.aws-s3"
sections = ["default"]
version = "1.105.0"
summary = "The CDK Construct Library for AWS::S3"
dependencies = [
    "aws-cdk.aws-events==1.105.0",
    "aws-cdk.aws-iam==1.105.0",
    "aws-cdk.aws-kms==1.105.0",
    "aws-cdk.core==1.105.0",
    "aws-cdk.cx-api==1.105.0",
    "constructs<4.0.0,>=3.3.69",
    "jsii<2.0.0,>=1.29.0",
    "publication>=0.0.3",
]

[[package]]
name = "aws-cdk.aws-s3-assets"
sections = ["default"]
version = "1.105.0"
summary = "Deploy local files and directories to S3"
dependencies = [
    "aws-cdk.assets==1.105.0",
    "aws-cdk.aws-iam==1.105.0",
    "aws-cdk.aws-kms==1.105.0",
    "aws-cdk.aws-s3==1.105.0",
    "aws-cdk.core==1.105.0",
    "aws-cdk.cx-api==1.105.0",
    "constructs<4.0.0,>=3.3.69",
    "jsii<2.0.0,>=1.29.0",
    "publication>=0.0.3",
]

[[package]]
name = "aws-cdk.aws-sam"
sections = ["default"]
version = "1.105.0"
summary = "The CDK Construct Library for the AWS Serverless Application Model (SAM) resources"
dependencies = [
    "aws-cdk.core==1.105.0",
    "constructs<4.0.0,>=3.3.69",
    "jsii<2.0.0,>=1.29.0",
    "publication>=0.0.3",
]

[[package]]
name = "aws-cdk.aws-secretsmanager"
sections = ["default"]
version = "1.105.0"
summary = "The CDK Construct Library for AWS::SecretsManager"
dependencies = [
    "aws-cdk.aws-ec2==1.105.0",
    "aws-cdk.aws-iam==1.105.0",
    "aws-cdk.aws-kms==1.105.0",
    "aws-cdk.aws-lambda==1.105.0",
    "aws-cdk.aws-sam==1.105.0",
    "aws-cdk.core==1.105.0",
    "aws-cdk.cx-api==1.105.0",
    "constructs<4.0.0,>=3.3.69",
    "jsii<2.0.0,>=1.29.0",
    "publication>=0.0.3",
]

[[package]]
name = "aws-cdk.aws-servicediscovery"
sections = ["default"]
version = "1.105.0"
summary = "The CDK Construct Library for AWS::ServiceDiscovery"
dependencies = [
    "aws-cdk.aws-ec2==1.105.0",
    "aws-cdk.aws-elasticloadbalancingv2==1.105.0",
    "aws-cdk.aws-route53==1.105.0",
    "aws-cdk.core==1.105.0",
    "constructs<4.0.0,>=3.3.69",
    "jsii<2.0.0,>=1.29.0",
    "publication>=0.0.3",
]

[[package]]
name = "aws-cdk.aws-signer"
sections = ["default"]
version = "1.105.0"
summary = "The CDK Construct Library for AWS::Signer"
dependencies = [
    "aws-cdk.core==1.105.0",
    "constructs<4.0.0,>=3.3.69",
    "jsii<2.0.0,>=1.29.0",
    "publication>=0.0.3",
]

[[package]]
name = "aws-cdk.aws-sns"
sections = ["default"]
version = "1.105.0"
summary = "The CDK Construct Library for AWS::SNS"
dependencies = [
    "aws-cdk.aws-cloudwatch==1.105.0",
    "aws-cdk.aws-events==1.105.0",
    "aws-cdk.aws-iam==1.105.0",
    "aws-cdk.aws-kms==1.105.0",
    "aws-cdk.aws-sqs==1.105.0",
    "aws-cdk.core==1.105.0",
    "constructs<4.0.0,>=3.3.69",
    "jsii<2.0.0,>=1.29.0",
    "publication>=0.0.3",
]

[[package]]
name = "aws-cdk.aws-sns-subscriptions"
sections = ["default"]
version = "1.105.0"
summary = "CDK Subscription Constructs for AWS SNS"
dependencies = [
    "aws-cdk.aws-iam==1.105.0",
    "aws-cdk.aws-lambda==1.105.0",
    "aws-cdk.aws-sns==1.105.0",
    "aws-cdk.aws-sqs==1.105.0",
    "aws-cdk.core==1.105.0",
    "constructs<4.0.0,>=3.3.69",
    "jsii<2.0.0,>=1.29.0",
    "publication>=0.0.3",
]

[[package]]
name = "aws-cdk.aws-sqs"
sections = ["default"]
version = "1.105.0"
summary = "The CDK Construct Library for AWS::SQS"
dependencies = [
    "aws-cdk.aws-cloudwatch==1.105.0",
    "aws-cdk.aws-iam==1.105.0",
    "aws-cdk.aws-kms==1.105.0",
    "aws-cdk.core==1.105.0",
    "constructs<4.0.0,>=3.3.69",
    "jsii<2.0.0,>=1.29.0",
    "publication>=0.0.3",
]

[[package]]
name = "aws-cdk.aws-ssm"
sections = ["default"]
version = "1.105.0"
summary = "The CDK Construct Library for AWS::SSM"
dependencies = [
    "aws-cdk.aws-iam==1.105.0",
    "aws-cdk.aws-kms==1.105.0",
    "aws-cdk.cloud-assembly-schema==1.105.0",
    "aws-cdk.core==1.105.0",
    "constructs<4.0.0,>=3.3.69",
    "jsii<2.0.0,>=1.29.0",
    "publication>=0.0.3",
]

[[package]]
name = "aws-cdk.aws-stepfunctions"
sections = ["default"]
version = "1.105.0"
summary = "The CDK Construct Library for AWS::StepFunctions"
dependencies = [
    "aws-cdk.aws-cloudwatch==1.105.0",
    "aws-cdk.aws-events==1.105.0",
    "aws-cdk.aws-iam==1.105.0",
    "aws-cdk.aws-logs==1.105.0",
    "aws-cdk.aws-s3==1.105.0",
    "aws-cdk.core==1.105.0",
    "constructs<4.0.0,>=3.3.69",
    "jsii<2.0.0,>=1.29.0",
    "publication>=0.0.3",
]

[[package]]
name = "aws-cdk.aws-stepfunctions-tasks"
sections = ["default"]
version = "1.105.0"
summary = "Task integrations for AWS StepFunctions"
dependencies = [
    "aws-cdk.aws-apigateway==1.105.0",
    "aws-cdk.aws-cloudwatch==1.105.0",
    "aws-cdk.aws-codebuild==1.105.0",
    "aws-cdk.aws-dynamodb==1.105.0",
    "aws-cdk.aws-ec2==1.105.0",
    "aws-cdk.aws-ecr-assets==1.105.0",
    "aws-cdk.aws-ecr==1.105.0",
    "aws-cdk.aws-ecs==1.105.0",
    "aws-cdk.aws-eks==1.105.0",
    "aws-cdk.aws-iam==1.105.0",
    "aws-cdk.aws-kms==1.105.0",
    "aws-cdk.aws-lambda==1.105.0",
    "aws-cdk.aws-s3==1.105.0",
    "aws-cdk.aws-sns==1.105.0",
    "aws-cdk.aws-sqs==1.105.0",
    "aws-cdk.aws-stepfunctions==1.105.0",
    "aws-cdk.core==1.105.0",
    "constructs<4.0.0,>=3.3.69",
    "jsii<2.0.0,>=1.29.0",
    "publication>=0.0.3",
]

[[package]]
name = "aws-cdk.cloud-assembly-schema"
sections = ["default"]
version = "1.105.0"
summary = "Cloud Assembly Schema"
dependencies = [
    "jsii<2.0.0,>=1.29.0",
    "publication>=0.0.3",
]

[[package]]
name = "aws-cdk.core"
sections = ["default"]
version = "1.105.0"
summary = "AWS Cloud Development Kit Core Library"
dependencies = [
    "aws-cdk.cloud-assembly-schema==1.105.0",
    "aws-cdk.cx-api==1.105.0",
    "aws-cdk.region-info==1.105.0",
    "constructs<4.0.0,>=3.3.69",
    "jsii<2.0.0,>=1.29.0",
    "publication>=0.0.3",
]

[[package]]
name = "aws-cdk.custom-resources"
sections = ["default"]
version = "1.105.0"
summary = "Constructs for implementing CDK custom resources"
dependencies = [
    "aws-cdk.aws-cloudformation==1.105.0",
    "aws-cdk.aws-ec2==1.105.0",
    "aws-cdk.aws-iam==1.105.0",
    "aws-cdk.aws-lambda==1.105.0",
    "aws-cdk.aws-logs==1.105.0",
    "aws-cdk.aws-sns==1.105.0",
    "aws-cdk.core==1.105.0",
    "constructs<4.0.0,>=3.3.69",
    "jsii<2.0.0,>=1.29.0",
    "publication>=0.0.3",
]

[[package]]
name = "aws-cdk.cx-api"
sections = ["default"]
version = "1.105.0"
summary = "Cloud executable protocol"
dependencies = [
    "aws-cdk.cloud-assembly-schema==1.105.0",
    "jsii<2.0.0,>=1.29.0",
    "publication>=0.0.3",
]

[[package]]
name = "aws-cdk.lambda-layer-awscli"
sections = ["default"]
version = "1.105.0"
summary = "An AWS Lambda layer that contains the AWS CLI"
dependencies = [
    "aws-cdk.aws-lambda==1.105.0",
    "aws-cdk.core==1.105.0",
    "constructs<4.0.0,>=3.3.69",
    "jsii<2.0.0,>=1.29.0",
    "publication>=0.0.3",
]

[[package]]
name = "aws-cdk.lambda-layer-kubectl"
sections = ["default"]
version = "1.105.0"
summary = "An AWS Lambda layer that contains the `kubectl` and `helm`"
dependencies = [
    "aws-cdk.aws-lambda==1.105.0",
    "aws-cdk.core==1.105.0",
    "constructs<4.0.0,>=3.3.69",
    "jsii<2.0.0,>=1.29.0",
    "publication>=0.0.3",
]

[[package]]
name = "aws-cdk.region-info"
sections = ["default"]
version = "1.105.0"
summary = "AWS region information, such as service principal names"
dependencies = [
    "jsii<2.0.0,>=1.29.0",
    "publication>=0.0.3",
]

[[package]]
name = "cattrs"
sections = ["default"]
version = "1.5.0"
marker = "python_version >= '3.7'"
summary = "Composable complex class support for attrs and dataclasses."
dependencies = [
    "attrs>=20.1.0",
]

[[package]]
name = "colorama"
sections = ["dev"]
version = "0.4.4"
marker = "sys_platform == 'win32'"
summary = "Cross-platform colored terminal text."

[[package]]
name = "constructs"
sections = ["default"]
version = "3.3.75"
summary = "A programming model for composable configuration"
dependencies = [
    "jsii<2.0.0,>=1.28.0",
    "publication>=0.0.3",
]

[[package]]
name = "jsii"
sections = ["default"]
version = "1.29.0"
summary = "Python client for jsii runtime"
dependencies = [
    "attrs~=20.1",
    "python-dateutil",
    "typing-extensions~=3.7",
    "cattrs~=1.5.0; python_version >= \"3.7\"",
]

[[package]]
name = "klaxon"
sections = ["dev"]
version = "1.1.1"
summary = "Use osascript to send notifications."
dependencies = [
    "toml<0.11.0,>=0.10.0",
]

[[package]]
name = "loguru"
sections = ["dev"]
version = "0.5.3"
summary = "Python logging made (stupidly) simple"
dependencies = [
    "colorama>=0.3.4; sys_platform == \"win32\"",
    "win32-setctime>=1.0.0; sys_platform == \"win32\"",
]

[[package]]
name = "publication"
sections = ["default"]
version = "0.0.3"
summary = "Publication helps you maintain public-api-friendly modules by preventing unintentional access to private implementation details via introspection."

[[package]]
name = "python-dateutil"
sections = ["default"]
version = "2.8.1"
summary = "Extensions to the standard Python datetime module"
dependencies = [
    "six>=1.5",
]

[[package]]
name = "six"
sections = ["default"]
version = "1.16.0"
summary = "Python 2 and 3 compatibility utilities"

[[package]]
name = "toml"
sections = ["dev"]
version = "0.10.2"
summary = "Python Library for Tom's Obvious, Minimal Language"

[[package]]
name = "typing-extensions"
sections = ["default"]
version = "3.10.0.0"
summary = "Backported and Experimental Type Hints for Python 3.5+"

[[package]]
name = "win32-setctime"
sections = ["dev"]
version = "1.0.3"
marker = "sys_platform == 'win32'"
summary = "A small Python utility to set file creation time on Windows"

[metadata]
lock_version = "2"
content_hash = "sha256:26db53ea35cacc014e893a75aa1395e8258228b46439f14021fbfbadb30e764e"

[metadata.files]
"attrs 20.3.0" = [
    {file = "attrs-20.3.0-py2.py3-none-any.whl", hash = "sha256:31b2eced602aa8423c2aea9c76a724617ed67cf9513173fd3a4f03e3a929c7e6"},
    {file = "attrs-20.3.0.tar.gz", hash = "sha256:832aa3cde19744e49938b91fea06d69ecb9e649c93ba974535d08ad92164f700"},
]
"aws-cdk.assets 1.105.0" = [
    {file = "aws_cdk.assets-1.105.0-py3-none-any.whl", hash = "sha256:bba618cfbefa968058f48f07363826111028580efd82e2a8f13c2aca8ddc409a"},
    {file = "aws-cdk.assets-1.105.0.tar.gz", hash = "sha256:96e89ea0293faff7ff404ad757cc56c9b974fc00c93a25f8a8c5103803015146"},
]
"aws-cdk.aws-apigateway 1.105.0" = [
    {file = "aws_cdk.aws_apigateway-1.105.0-py3-none-any.whl", hash = "sha256:17edbee373323f0799b1aff4dce5abbc6f55ed121ec58b23613b40eebadbab02"},
    {file = "aws-cdk.aws-apigateway-1.105.0.tar.gz", hash = "sha256:8e0eaa52f1be5b96bc0f38e6a91726beae42aa9997246976eaec03026fd4ebb9"},
]
"aws-cdk.aws-applicationautoscaling 1.105.0" = [
    {file = "aws_cdk.aws_applicationautoscaling-1.105.0-py3-none-any.whl", hash = "sha256:58aa3738bf6ca9ead9204b193a27c37f6b099182e0f759fe0bae5ec53df75d2d"},
    {file = "aws-cdk.aws-applicationautoscaling-1.105.0.tar.gz", hash = "sha256:f45c565b2abb98d6073c8f5d120dd0e9d8892c52ba735b2aa0e7e7b894ba8c3c"},
]
"aws-cdk.aws-autoscaling 1.105.0" = [
    {file = "aws_cdk.aws_autoscaling-1.105.0-py3-none-any.whl", hash = "sha256:c41084f27d672effa4facc2bd08eba8a94c4058d5ce676a29d3a3b3711da1893"},
    {file = "aws-cdk.aws-autoscaling-1.105.0.tar.gz", hash = "sha256:cbd4d35e1cfc66ced7372202ccb5f017e5420029acd3e366a0bf984c65c500ff"},
]
"aws-cdk.aws-autoscaling-common 1.105.0" = [
    {file = "aws_cdk.aws_autoscaling_common-1.105.0-py3-none-any.whl", hash = "sha256:44d9c844c6110f834efebda29027cea8bcc0c1cad19ddc4fea846feb86ca7ab6"},
    {file = "aws-cdk.aws-autoscaling-common-1.105.0.tar.gz", hash = "sha256:68dd401f6bd1a8da4881376844df2c74b022e5d12380b89e4c10a8027168df8d"},
]
"aws-cdk.aws-autoscaling-hooktargets 1.105.0" = [
    {file = "aws_cdk.aws_autoscaling_hooktargets-1.105.0-py3-none-any.whl", hash = "sha256:92a776f7c633331ebd7fcb3a552e0a654d549537f3ba056d2f42dd9643ac03b9"},
    {file = "aws-cdk.aws-autoscaling-hooktargets-1.105.0.tar.gz", hash = "sha256:39610a2aaa2e3b92111800e2c79ec4c009164e917003cc4f17052c5f518b3120"},
]
"aws-cdk.aws-certificatemanager 1.105.0" = [
    {file = "aws_cdk.aws_certificatemanager-1.105.0-py3-none-any.whl", hash = "sha256:e06901d148feb110d8928382994b99d62ce2ebc9bb6672e559d67ab01ab65611"},
    {file = "aws-cdk.aws-certificatemanager-1.105.0.tar.gz", hash = "sha256:8351dfb997c53f2d4829cc35841649ac57bbc5bd92d70e321bfba44f741d3204"},
]
"aws-cdk.aws-cloudformation 1.105.0" = [
    {file = "aws_cdk.aws_cloudformation-1.105.0-py3-none-any.whl", hash = "sha256:7ddda80ebf11fa48e414ead178be524bab2d92ca9e6b6f8413db346d7e245ae3"},
    {file = "aws-cdk.aws-cloudformation-1.105.0.tar.gz", hash = "sha256:53f08eff74f00260e6b602e6ecaf0164c1eca3cd39414af449dbeaf9249bcbaf"},
]
"aws-cdk.aws-cloudfront 1.105.0" = [
    {file = "aws_cdk.aws_cloudfront-1.105.0-py3-none-any.whl", hash = "sha256:18517235a794910fc43413e39bc4d3d18d03900d6d1dda24ec9272bb72a520ed"},
    {file = "aws-cdk.aws-cloudfront-1.105.0.tar.gz", hash = "sha256:6df71b22283b1cd69458e11cee88451c50dc3577f54916f2d6241dad61a46475"},
]
"aws-cdk.aws-cloudwatch 1.105.0" = [
    {file = "aws_cdk.aws_cloudwatch-1.105.0-py3-none-any.whl", hash = "sha256:ee7353938c54852160eca2180aac13f494070d75487c9fb73ebfb8d67bd39c57"},
    {file = "aws-cdk.aws-cloudwatch-1.105.0.tar.gz", hash = "sha256:8d876304e434fc9eac2a0875aff58eecd77f6be2cc34d8074838a83a638d9311"},
]
"aws-cdk.aws-codebuild 1.105.0" = [
    {file = "aws_cdk.aws_codebuild-1.105.0-py3-none-any.whl", hash = "sha256:a34240e2d2fa98e5e06f2ea5f02c12b62e32b0c772264b28c38871a847e478d8"},
    {file = "aws-cdk.aws-codebuild-1.105.0.tar.gz", hash = "sha256:36b6297efe6c2715d61bba914efab6124cdb9fffed1fd75917e8fea74e994b18"},
]
"aws-cdk.aws-codecommit 1.105.0" = [
    {file = "aws_cdk.aws_codecommit-1.105.0-py3-none-any.whl", hash = "sha256:ec5c74f3792a0ac704a0be128f0dc73e49fc03d5f6fa7361feba57ff5f6003c9"},
    {file = "aws-cdk.aws-codecommit-1.105.0.tar.gz", hash = "sha256:2c099cea40cea5c283fd0e0297a430010b14775a9c134850de7c3b73f154be39"},
]
"aws-cdk.aws-codeguruprofiler 1.105.0" = [
    {file = "aws_cdk.aws_codeguruprofiler-1.105.0-py3-none-any.whl", hash = "sha256:0c0d14a8e1ba053a87c25a85910787c3e47123d19ee2d0c6b1c2e09d00e1bd2d"},
    {file = "aws-cdk.aws-codeguruprofiler-1.105.0.tar.gz", hash = "sha256:b4d774a7c0f6aad4b50b48eaa9569d2b11af7367d7af50c9d94f949127f678c1"},
]
"aws-cdk.aws-codepipeline 1.105.0" = [
    {file = "aws_cdk.aws_codepipeline-1.105.0-py3-none-any.whl", hash = "sha256:30857cfc8a1937fd027063374f9a9efac955104ee15edeb0d409d50b23c58b3c"},
    {file = "aws-cdk.aws-codepipeline-1.105.0.tar.gz", hash = "sha256:d9771e8b984fdce6320dc8e10803bfb115e05a61b341a9e377e54f3bbcab47f7"},
]
"aws-cdk.aws-cognito 1.105.0" = [
    {file = "aws_cdk.aws_cognito-1.105.0-py3-none-any.whl", hash = "sha256:ab25c69bbea8323cef25d23b096e46b26c08bff7f6cf2ab23352ccc023b81f5c"},
    {file = "aws-cdk.aws-cognito-1.105.0.tar.gz", hash = "sha256:a4ae66677ef88d2cd417a6ab299030ba904bea3ced2fb2f3e58a272f04f778f6"},
]
"aws-cdk.aws-dynamodb 1.105.0" = [
    {file = "aws_cdk.aws_dynamodb-1.105.0-py3-none-any.whl", hash = "sha256:5f093629114cbac6bb056246c8d4384f0a132059a40b721035b04ffe8edcc81f"},
    {file = "aws-cdk.aws-dynamodb-1.105.0.tar.gz", hash = "sha256:9ca050eedaf1107d7d0b490356ab9b4a484c6c6e5505c31768c94720c7e10e98"},
]
"aws-cdk.aws-ec2 1.105.0" = [
    {file = "aws_cdk.aws_ec2-1.105.0-py3-none-any.whl", hash = "sha256:0d17f9641d3a2d6837df47f3d639eff790aeab77bd093f361590c4d64cdd8e8d"},
    {file = "aws-cdk.aws-ec2-1.105.0.tar.gz", hash = "sha256:075cd7d87375f3de7f01f0ebc4009b14fcb5839bea8eaa57498ab96d31b6f745"},
]
"aws-cdk.aws-ecr 1.105.0" = [
    {file = "aws_cdk.aws_ecr-1.105.0-py3-none-any.whl", hash = "sha256:ae9ad8fc629ae5e051294dd966d079356d4bd45115556386ecf3e2e45a6ba686"},
    {file = "aws-cdk.aws-ecr-1.105.0.tar.gz", hash = "sha256:72892d3683ae89a068aec9c6356b985b8a60fd55a995cb7f7b3b4c1e5b4f5332"},
]
"aws-cdk.aws-ecr-assets 1.105.0" = [
    {file = "aws_cdk.aws_ecr_assets-1.105.0-py3-none-any.whl", hash = "sha256:7f4cc5d58db03a82c41bfc971b4f89fab5cc13f9133109428ac60457a24d6a0d"},
    {file = "aws-cdk.aws-ecr-assets-1.105.0.tar.gz", hash = "sha256:63be71b037e3d18aa61f91b88d2ff0c8cb03f631450d38af0a25a8a352fa83fd"},
]
"aws-cdk.aws-ecs 1.105.0" = [
    {file = "aws_cdk.aws_ecs-1.105.0-py3-none-any.whl", hash = "sha256:db822c3e65939e0261702c3ea9569a4374f81df0b0b261f597b0ffe2d9d54142"},
    {file = "aws-cdk.aws-ecs-1.105.0.tar.gz", hash = "sha256:e6215c4afbb21a0c30582d89f51187a4e60132c65fd94ef055f924179cdc8c30"},
]
"aws-cdk.aws-efs 1.105.0" = [
    {file = "aws_cdk.aws_efs-1.105.0-py3-none-any.whl", hash = "sha256:1ce865d04bf9466d9ae2d96de3bce6cf14a7f99f2f564cce1552bf06465ead08"},
    {file = "aws-cdk.aws-efs-1.105.0.tar.gz", hash = "sha256:d01db036f13dca8bc993b84d9229e6ae2dbc306ca29d6d26669005cd5719d1ab"},
]
"aws-cdk.aws-eks 1.105.0" = [
    {file = "aws_cdk.aws_eks-1.105.0-py3-none-any.whl", hash = "sha256:d2ec66f8e17fa580e92a6d2efa861cb6af788a1057f673b820efa9879af61d51"},
    {file = "aws-cdk.aws-eks-1.105.0.tar.gz", hash = "sha256:bb9a2f4c9b50398b570b8b09226c421c89d6af995a2903a9e6afe4eb2e3abf31"},
]
"aws-cdk.aws-elasticloadbalancing 1.105.0" = [
    {file = "aws_cdk.aws_elasticloadbalancing-1.105.0-py3-none-any.whl", hash = "sha256:8a40873b5a12fba2a9a4eea80a17834a156e4a8748bf82c9409b8207aab020d2"},
    {file = "aws-cdk.aws-elasticloadbalancing-1.105.0.tar.gz", hash = "sha256:115cdca50b089ed07ed5221b0a8c3fa570f8e32d6f441748ff7ea6c6c59e8d78"},
]
"aws-cdk.aws-elasticloadbalancingv2 1.105.0" = [
    {file = "aws_cdk.aws_elasticloadbalancingv2-1.105.0-py3-none-any.whl", hash = "sha256:e07e085f24de13593fb759459bf435f42928f518af40d720a03d46e9dad0309e"},
    {file = "aws-cdk.aws-elasticloadbalancingv2-1.105.0.tar.gz", hash = "sha256:6d0c3ec529917dbb6244fcf50820aa8ccbe7af95066bc88094cbed264166d962"},
]
"aws-cdk.aws-events 1.105.0" = [
    {file = "aws_cdk.aws_events-1.105.0-py3-none-any.whl", hash = "sha256:718708d595c37440bdcaba0b5011ec2f66c656d8eafa5842026fde37ff974cd9"},
    {file = "aws-cdk.aws-events-1.105.0.tar.gz", hash = "sha256:8f310a8d8d13cf5c47f8f884f5139ec89609f84994d208b2e4cf01d6b59ec66c"},
]
"aws-cdk.aws-events-targets 1.105.0" = [
    {file = "aws_cdk.aws_events_targets-1.105.0-py3-none-any.whl", hash = "sha256:a784405a868450921d3486515ba7681494155c0ffd0fac68d33ef31468c1e590"},
    {file = "aws-cdk.aws-events-targets-1.105.0.tar.gz", hash = "sha256:4f9c34ccdaf7d4a6e2ce10f4518030108a03aee892653a655d3c03795b507451"},
]
"aws-cdk.aws-globalaccelerator 1.105.0" = [
    {file = "aws_cdk.aws_globalaccelerator-1.105.0-py3-none-any.whl", hash = "sha256:d02bf67788bce2aaef1c0d6b095bb648826d302e8d4a8c8ec6c955136ac1fbe0"},
    {file = "aws-cdk.aws-globalaccelerator-1.105.0.tar.gz", hash = "sha256:39d71a1971985f9164069460982fa63b04a7f7753b3e0c7f7265742cbb8ff62c"},
]
"aws-cdk.aws-iam 1.105.0" = [
    {file = "aws_cdk.aws_iam-1.105.0-py3-none-any.whl", hash = "sha256:ae4b31a9b7f79a122f7dedd4125485c20525828e5043f7331ab67466ea69e7a2"},
    {file = "aws-cdk.aws-iam-1.105.0.tar.gz", hash = "sha256:ed48ae0cbc983aa4399a6046e389d2a06c1a9230806846c901c2498b2a493c50"},
]
"aws-cdk.aws-kinesis 1.105.0" = [
    {file = "aws_cdk.aws_kinesis-1.105.0-py3-none-any.whl", hash = "sha256:a3aca242789a8c342b60c11d20104156d45870a84bb8f17ee9a8eeb9494974a1"},
    {file = "aws-cdk.aws-kinesis-1.105.0.tar.gz", hash = "sha256:e21a518ea87408ce430cb650e9469354ba9d1b8c5ef123954367be08192904bc"},
]
"aws-cdk.aws-kinesisfirehose 1.105.0" = [
    {file = "aws_cdk.aws_kinesisfirehose-1.105.0-py3-none-any.whl", hash = "sha256:722cc2dbc9158cf133236d38e9900c30f6cae47418a9da82ca56a68d478ecf70"},
    {file = "aws-cdk.aws-kinesisfirehose-1.105.0.tar.gz", hash = "sha256:c63570e83b4bce23b8a955ad40649b709282a0d6fb8e92d157e9a2350e3cdbac"},
]
"aws-cdk.aws-kms 1.105.0" = [
    {file = "aws_cdk.aws_kms-1.105.0-py3-none-any.whl", hash = "sha256:35fec3352e1fd6a5893baa6abc59c003c264676b9cf4a79696a9d2510dc89129"},
    {file = "aws-cdk.aws-kms-1.105.0.tar.gz", hash = "sha256:2fcc5d84c056b935eca499cc825381fac5a3a03a50595f30e74cb3fbf6d7a200"},
]
"aws-cdk.aws-lambda 1.105.0" = [
    {file = "aws_cdk.aws_lambda-1.105.0-py3-none-any.whl", hash = "sha256:f6eb44fa0b76f4938cae342186aece248eda0448ab48c6631dd20355903f29d9"},
    {file = "aws-cdk.aws-lambda-1.105.0.tar.gz", hash = "sha256:1016bb2a3656c22ed507f89394f5bbd97be5d522f017481f1b89f111281f5a72"},
]
"aws-cdk.aws-lambda-python 1.105.0" = [
    {file = "aws_cdk.aws_lambda_python-1.105.0-py3-none-any.whl", hash = "sha256:6819cc185482d6305491dcfe44747cd962f05c21fb72b56c1add33c84068c483"},
    {file = "aws-cdk.aws-lambda-python-1.105.0.tar.gz", hash = "sha256:73a3f3523f12ee9eab2bffec1de6bc2e3563e21d62aba71da0e2735644fb3db1"},
]
"aws-cdk.aws-logs 1.105.0" = [
    {file = "aws_cdk.aws_logs-1.105.0-py3-none-any.whl", hash = "sha256:352581739deeb13a1d407b015a83502c8d9c748da09e7962c6e5c1a47c14261f"},
    {file = "aws-cdk.aws-logs-1.105.0.tar.gz", hash = "sha256:0123cf55faabe3343cbd01c4e24a6dc1ce702e031a1add2f962b0a7ec9273010"},
]
"aws-cdk.aws-route53 1.105.0" = [
    {file = "aws_cdk.aws_route53-1.105.0-py3-none-any.whl", hash = "sha256:e35be4c65e4bbdda6b498eb268d68e0582cdc5c5c797de64d00f20182d220693"},
    {file = "aws-cdk.aws-route53-1.105.0.tar.gz", hash = "sha256:5bdd528d8288b54b5eb8d9c615d4ef94a74c1e83f344644a162b5dc10ba05060"},
]
"aws-cdk.aws-route53-targets 1.105.0" = [
    {file = "aws_cdk.aws_route53_targets-1.105.0-py3-none-any.whl", hash = "sha256:10ce9350bce75edc37433f38e73d942726291c7800ca0608550a3029bb7811a9"},
    {file = "aws-cdk.aws-route53-targets-1.105.0.tar.gz", hash = "sha256:8d2344cba31c260fa4eb0b2e06f153d3e2bef8137a983ebf71b29365ef92ff42"},
]
"aws-cdk.aws-s3 1.105.0" = [
    {file = "aws_cdk.aws_s3-1.105.0-py3-none-any.whl", hash = "sha256:4baff3a0a6570d4d5498eefe351c0efa7741ef51afa096c96d8b8e3c31139500"},
    {file = "aws-cdk.aws-s3-1.105.0.tar.gz", hash = "sha256:9c5d035ee1ffe881efdcfca418dcebb0e2968b6a3a4da0faf2f9f1111e9831d0"},
]
"aws-cdk.aws-s3-assets 1.105.0" = [
    {file = "aws_cdk.aws_s3_assets-1.105.0-py3-none-any.whl", hash = "sha256:0eaeb42ee2ceff2024f16e2ef255b550e80f500bda5fd713e17a070807f4047a"},
    {file = "aws-cdk.aws-s3-assets-1.105.0.tar.gz", hash = "sha256:a11da03580f435002da1ed4ac5e3fc6d6c486c5e392ab979f4557983d8530eb9"},
]
"aws-cdk.aws-sam 1.105.0" = [
    {file = "aws_cdk.aws_sam-1.105.0-py3-none-any.whl", hash = "sha256:27ae20368e12ffc1a69a43e4f6a3617fea0cbba7f5e9b396f7260c8e603e54e3"},
    {file = "aws-cdk.aws-sam-1.105.0.tar.gz", hash = "sha256:683aac9bf5642c1672f263147214c8835841507248a3f49620496e7d22294f9a"},
]
"aws-cdk.aws-secretsmanager 1.105.0" = [
    {file = "aws_cdk.aws_secretsmanager-1.105.0-py3-none-any.whl", hash = "sha256:edbfcb1e42b1d990ca55bcf66ed2ad915009af4950f51747ea99909f001dcd85"},
    {file = "aws-cdk.aws-secretsmanager-1.105.0.tar.gz", hash = "sha256:1a14bd06f666c87895530f3c9970b2c4578a1f7f2f7b13d1e90f3cfaedc71447"},
]
"aws-cdk.aws-servicediscovery 1.105.0" = [
    {file = "aws_cdk.aws_servicediscovery-1.105.0-py3-none-any.whl", hash = "sha256:197e7a50db518e99348ebf6b803ae3bfb3fa13c3d7524a377db881bd70148139"},
    {file = "aws-cdk.aws-servicediscovery-1.105.0.tar.gz", hash = "sha256:3d9ceb08ffebd0551a26e965e1e3b97f955437d543fa9235370992670c450751"},
]
"aws-cdk.aws-signer 1.105.0" = [
    {file = "aws_cdk.aws_signer-1.105.0-py3-none-any.whl", hash = "sha256:415d7fc2703fb506785ccd6f27396c7630670060f4da189cbc60196520ed77d1"},
    {file = "aws-cdk.aws-signer-1.105.0.tar.gz", hash = "sha256:2d445c8cf549043a0b0dd7703a018c169ffe63710b96f06f830feaf9bfc4153b"},
]
"aws-cdk.aws-sns 1.105.0" = [
    {file = "aws_cdk.aws_sns-1.105.0-py3-none-any.whl", hash = "sha256:0656d72d08a4fa4c402ed7894060500319cc4d020571a25eb54e82a1a04225b6"},
    {file = "aws-cdk.aws-sns-1.105.0.tar.gz", hash = "sha256:ad759a4575e9c510b29b28a06e0e7de3cdeff61eea4720f1f3f62133e2bd981e"},
]
"aws-cdk.aws-sns-subscriptions 1.105.0" = [
    {file = "aws_cdk.aws_sns_subscriptions-1.105.0-py3-none-any.whl", hash = "sha256:bc4441d308c7f3ad822d196341bf24fa9f50d62b2a5d44aadd36f968b6b03c84"},
    {file = "aws-cdk.aws-sns-subscriptions-1.105.0.tar.gz", hash = "sha256:2e151a03446d1e6af8d6a31810542c2741a9d75bbb4e079b6a67d6d7472f6b17"},
]
"aws-cdk.aws-sqs 1.105.0" = [
    {file = "aws_cdk.aws_sqs-1.105.0-py3-none-any.whl", hash = "sha256:8093834a0fe7a7f10ffd4b0623432cdfc08914d665f06d793de1fa0c1a5fbcd0"},
    {file = "aws-cdk.aws-sqs-1.105.0.tar.gz", hash = "sha256:502385e4b018a6d57e4cc38879e878dcf8d1081d04a25e9e4589bf7a847c38cc"},
]
"aws-cdk.aws-ssm 1.105.0" = [
    {file = "aws_cdk.aws_ssm-1.105.0-py3-none-any.whl", hash = "sha256:751c3e3abf358065e8e0d858f297c6ee80c3308df3d619f444cfbea7a3a8f4be"},
    {file = "aws-cdk.aws-ssm-1.105.0.tar.gz", hash = "sha256:afc59f2d098f74b3fc44296f036cbe41ebe1ec2de648f7bb231e6de5a47e0bba"},
]
"aws-cdk.aws-stepfunctions 1.105.0" = [
    {file = "aws_cdk.aws_stepfunctions-1.105.0-py3-none-any.whl", hash = "sha256:69d9ef5ea3d3cf6967104c7e7e635a800fbf3a9a56f264c5232b19f2cec0372e"},
    {file = "aws-cdk.aws-stepfunctions-1.105.0.tar.gz", hash = "sha256:5fcaa044925c1278522e1f0ef2b825342be0144979b0fd0c3960aaf1691998df"},
]
"aws-cdk.aws-stepfunctions-tasks 1.105.0" = [
    {file = "aws_cdk.aws_stepfunctions_tasks-1.105.0-py3-none-any.whl", hash = "sha256:a76728c8234e5cb707a75dd9b4e42d47f0519310e397657c9701f83cdeab9525"},
    {file = "aws-cdk.aws-stepfunctions-tasks-1.105.0.tar.gz", hash = "sha256:f9e1617f410a8fb18fec27a86e541aab5353a375be3ca2161703b6227f537928"},
]
"aws-cdk.cloud-assembly-schema 1.105.0" = [
    {file = "aws_cdk.cloud_assembly_schema-1.105.0-py3-none-any.whl", hash = "sha256:c49fcf409ecd6fa66da69c3d3647525903b9ae0afe2d1d576957f12fecb9cd4c"},
    {file = "aws-cdk.cloud-assembly-schema-1.105.0.tar.gz", hash = "sha256:b35c80dcd330bda0b9504a8dc30646607340528dad7efa33c7d601b09b0baced"},
]
"aws-cdk.core 1.105.0" = [
    {file = "aws_cdk.core-1.105.0-py3-none-any.whl", hash = "sha256:dcb8816f7ad73e83631677ee8070458800a60e46f73d94b420c3f771b5b41d7b"},
    {file = "aws-cdk.core-1.105.0.tar.gz", hash = "sha256:603e8433633cf63d61c6734dc5fa7a62a5832339574d4fe0922de8c985c72d1a"},
]
"aws-cdk.custom-resources 1.105.0" = [
    {file = "aws_cdk.custom_resources-1.105.0-py3-none-any.whl", hash = "sha256:315c82cfb71b93f07a719a89e2913f59c30e745b1cc974059be32f371ff0588b"},
    {file = "aws-cdk.custom-resources-1.105.0.tar.gz", hash = "sha256:96e2975a1963c1070813c226b85eff692a2cd90034fe6ae2e8c373928b8fd432"},
]
"aws-cdk.cx-api 1.105.0" = [
    {file = "aws_cdk.cx_api-1.105.0-py3-none-any.whl", hash = "sha256:cc80017da3cba5a82fd1e9507df888c85d8064058895b153433f725f87a27f49"},
    {file = "aws-cdk.cx-api-1.105.0.tar.gz", hash = "sha256:88c3fd3f5b94428078ffe05c6833f56934f852ad77295a92dfe61e501c714a96"},
]
"aws-cdk.lambda-layer-awscli 1.105.0" = [
    {file = "aws_cdk.lambda_layer_awscli-1.105.0-py3-none-any.whl", hash = "sha256:21d8d189161125aafed582f216af656d6bf6a1689483c06d4dcf761e22eaee99"},
    {file = "aws-cdk.lambda-layer-awscli-1.105.0.tar.gz", hash = "sha256:ec108fa71c141e3dc2c55c25f2c1e95b39d4cad4ef03625fd39455814bf82383"},
]
"aws-cdk.lambda-layer-kubectl 1.105.0" = [
    {file = "aws_cdk.lambda_layer_kubectl-1.105.0-py3-none-any.whl", hash = "sha256:f6bd07e1be1ded07c49d56476e5d59c7940d6d2551f8180b44620b22d734eefa"},
    {file = "aws-cdk.lambda-layer-kubectl-1.105.0.tar.gz", hash = "sha256:b8a92eeb17cf1f54bb0e2cba637082702d3761631e25ff325732d77a231f03cb"},
]
"aws-cdk.region-info 1.105.0" = [
    {file = "aws_cdk.region_info-1.105.0-py3-none-any.whl", hash = "sha256:d7101f8f4c853aa4652b2e5ab3299de74984c4ad6c9d777045f673e94f458b86"},
    {file = "aws-cdk.region-info-1.105.0.tar.gz", hash = "sha256:d8e45ed5690b5cc2a7c11f7061a4d5f9057e31c85b1232fd535bf102a015f067"},
]
"cattrs 1.5.0" = [
    {file = "cattrs-1.5.0-py3-none-any.whl", hash = "sha256:277d12740b45e46318b41c3b2e4a3bc067a7b9971cf61f0e96497598ad83f282"},
    {file = "cattrs-1.5.0.tar.gz", hash = "sha256:a6233d0ce33d48ac71ef818f8e0b9309a89496b359994c4dfe9ad211c1f6d0a3"},
]
"colorama 0.4.4" = [
    {file = "colorama-0.4.4-py2.py3-none-any.whl", hash = "sha256:9f47eda37229f68eee03b24b9748937c7dc3868f906e8ba69fbcbdd3bc5dc3e2"},
    {file = "colorama-0.4.4.tar.gz", hash = "sha256:5941b2b48a20143d2267e95b1c2a7603ce057ee39fd88e7329b0c292aa16869b"},
]
"constructs 3.3.75" = [
    {file = "constructs-3.3.75-py3-none-any.whl", hash = "sha256:a4ebf536b74a805bb9277d507c6d355f8b8421ced7879d2186b6464c53fe9496"},
    {file = "constructs-3.3.75.tar.gz", hash = "sha256:24f9c40a54e66eba22f8e020d7b8efa2f7df415219225f934f217c575afdd8c9"},
]
"jsii 1.29.0" = [
    {file = "jsii-1.29.0-py3-none-any.whl", hash = "sha256:d3611f0cc4626ceb26ff55e6fe9ad5dae7a351709ed9c4f12f3bd8065b4c9809"},
    {file = "jsii-1.29.0.tar.gz", hash = "sha256:76d1f7b4aeec8f59356494f1ed253f5ce1094eeaa46b15232564e4c07c0e1fb5"},
]
"klaxon 1.1.1" = [
    {file = "klaxon-1.1.1-py3-none-any.whl", hash = "sha256:715c2fcc7d2ae96926b7a491b0d6245b3a18db5efc524b70cd9ea9b241959389"},
    {file = "klaxon-1.1.1.tar.gz", hash = "sha256:d125d9f63c800354e0fc1d65d74dccae08211d5e747c9a2c80d40d852c39f1c5"},
]
"loguru 0.5.3" = [
    {file = "loguru-0.5.3-py3-none-any.whl", hash = "sha256:f8087ac396b5ee5f67c963b495d615ebbceac2796379599820e324419d53667c"},
    {file = "loguru-0.5.3.tar.gz", hash = "sha256:b28e72ac7a98be3d28ad28570299a393dfcd32e5e3f6a353dec94675767b6319"},
]
"publication 0.0.3" = [
    {file = "publication-0.0.3-py2.py3-none-any.whl", hash = "sha256:0248885351febc11d8a1098d5c8e3ab2dabcf3e8c0c96db1e17ecd12b53afbe6"},
    {file = "publication-0.0.3.tar.gz", hash = "sha256:68416a0de76dddcdd2930d1c8ef853a743cc96c82416c4e4d3b5d901c6276dc4"},
]
"python-dateutil 2.8.1" = [
    {file = "python_dateutil-2.8.1-py2.py3-none-any.whl", hash = "sha256:75bb3f31ea686f1197762692a9ee6a7550b59fc6ca3a1f4b5d7e32fb98e2da2a"},
    {file = "python-dateutil-2.8.1.tar.gz", hash = "sha256:73ebfe9dbf22e832286dafa60473e4cd239f8592f699aa5adaf10050e6e1823c"},
]
"six 1.16.0" = [
    {file = "six-1.16.0-py2.py3-none-any.whl", hash = "sha256:8abb2f1d86890a2dfb989f9a77cfcfd3e47c2a354b01111771326f8aa26e0254"},
    {file = "six-1.16.0.tar.gz", hash = "sha256:1e61c37477a1626458e36f7b1d82aa5c9b094fa4802892072e49de9c60c4c926"},
]
"toml 0.10.2" = [
    {file = "toml-0.10.2-py2.py3-none-any.whl", hash = "sha256:806143ae5bfb6a3c6e736a764057db0e6a0e05e338b5630894a5f779cabb4f9b"},
    {file = "toml-0.10.2.tar.gz", hash = "sha256:b3bda1d108d5dd99f4a20d24d9c348e91c4db7ab1b749200bded2f839ccbe68f"},
]
"typing-extensions 3.10.0.0" = [
    {file = "typing_extensions-3.10.0.0-py2-none-any.whl", hash = "sha256:0ac0f89795dd19de6b97debb0c6af1c70987fd80a2d62d1958f7e56fcc31b497"},
    {file = "typing_extensions-3.10.0.0-py3-none-any.whl", hash = "sha256:779383f6086d90c99ae41cf0ff39aac8a7937a9283ce0a414e5dd782f4c94a84"},
    {file = "typing_extensions-3.10.0.0.tar.gz", hash = "sha256:50b6f157849174217d0656f99dc82fe932884fb250826c18350e159ec6cdf342"},
]
"win32-setctime 1.0.3" = [
    {file = "win32_setctime-1.0.3-py3-none-any.whl", hash = "sha256:dc925662de0a6eb987f0b01f599c01a8236cb8c62831c22d9cada09ad958243e"},
    {file = "win32_setctime-1.0.3.tar.gz", hash = "sha256:4e88556c32fdf47f64165a2180ba4552f8bb32c1103a2fafd05723a0bd42bd4b"},
]
